
Microsoft Visual Studio Solution File, Format Version 12.00
# Visual Studio Version 17
VisualStudioVersion = 17.5.002.0
MinimumVisualStudioVersion = 10.0.40219.1
Project("{9A19103F-16F7-4668-BE54-9A1E7A4F7556}") = "firstquaterfinaltest", "firstquaterfinaltest.csproj", "{215F5F60-A2C5-43C2-9ABC-4815C76ACAD7}"
EndProject
Global
	GlobalSection(SolutionConfigurationPlatforms) = preSolution
		Debug|Any CPU = Debug|Any CPU
		Release|Any CPU = Release|Any CPU
	EndGlobalSection
	GlobalSection(ProjectConfigurationPlatforms) = postSolution
		{215F5F60-A2C5-43C2-9ABC-4815C76ACAD7}.Debug|Any CPU.ActiveCfg = Debug|Any CPU
		{215F5F60-A2C5-43C2-9ABC-4815C76ACAD7}.Debug|Any CPU.Build.0 = Debug|Any CPU
		{215F5F60-A2C5-43C2-9ABC-4815C76ACAD7}.Release|Any CPU.ActiveCfg = Release|Any CPU
		{215F5F60-A2C5-43C2-9ABC-4815C76ACAD7}.Release|Any CPU.Build.0 = Release|Any CPU
	EndGlobalSection
	GlobalSection(SolutionProperties) = preSolution
		HideSolutionNode = FALSE
	EndGlobalSection
	GlobalSection(ExtensibilityGlobals) = postSolution
		SolutionGuid = {396CED86-D46F-492E-BF55-ADC46F6912D9}
	EndGlobalSection
EndGlobal
